// !$*UTF8*$!
{
	archiveVersion = 1;
	classes = {
	};
	objectVersion = 46;
	objects = {

/* Begin PBXBuildFile section */
		4CA309A215E6B6F100BB0E20 /* UIKit.framework in Frameworks */ = {isa = PBXBuildFile; fileRef = 4CA309A115E6B6F100BB0E20 /* UIKit.framework */; };
		4CA309A415E6B6F100BB0E20 /* Foundation.framework in Frameworks */ = {isa = PBXBuildFile; fileRef = 4CA309A315E6B6F100BB0E20 /* Foundation.framework */; };
		4CA309A615E6B6F100BB0E20 /* CoreGraphics.framework in Frameworks */ = {isa = PBXBuildFile; fileRef = 4CA309A515E6B6F100BB0E20 /* CoreGraphics.framework */; };
		4CA309AC15E6B6F100BB0E20 /* InfoPlist.strings in Resources */ = {isa = PBXBuildFile; fileRef = 4CA309AA15E6B6F100BB0E20 /* InfoPlist.strings */; };
		4CA309AE15E6B6F100BB0E20 /* main.m in Sources */ = {isa = PBXBuildFile; fileRef = 4CA309AD15E6B6F100BB0E20 /* main.m */; };
		4CA309B215E6B6F100BB0E20 /* AppDelegate.m in Sources */ = {isa = PBXBuildFile; fileRef = 4CA309B115E6B6F100BB0E20 /* AppDelegate.m */; };
		4CA309B515E6B6F100BB0E20 /* ViewController.m in Sources */ = {isa = PBXBuildFile; fileRef = 4CA309B415E6B6F100BB0E20 /* ViewController.m */; };
		4CA309B815E6B6F100BB0E20 /* ViewController.xib in Resources */ = {isa = PBXBuildFile; fileRef = 4CA309B615E6B6F100BB0E20 /* ViewController.xib */; };
		4CA309C015E6B75300BB0E20 /* Asteroid.m in Sources */ = {isa = PBXBuildFile; fileRef = 4CA309BF15E6B75300BB0E20 /* Asteroid.m */; };
		4CA309C215E6B92500BB0E20 /* QuartzCore.framework in Frameworks */ = {isa = PBXBuildFile; fileRef = 4CA309C115E6B92500BB0E20 /* QuartzCore.framework */; };
		4CA309C515E6BE2100BB0E20 /* GameView.m in Sources */ = {isa = PBXBuildFile; fileRef = 4CA309C415E6BE2100BB0E20 /* GameView.m */; };
		4CA309CC15E7096400BB0E20 /* HealthIndicator.m in Sources */ = {isa = PBXBuildFile; fileRef = 4CA309CB15E7096400BB0E20 /* HealthIndicator.m */; };
/* End PBXBuildFile section */

/* Begin PBXFileReference section */
		4CA3099D15E6B6F100BB0E20 /* Asteroids.app */ = {isa = PBXFileReference; explicitFileType = wrapper.application; includeInIndex = 0; path = Asteroids.app; sourceTree = BUILT_PRODUCTS_DIR; };
		4CA309A115E6B6F100BB0E20 /* UIKit.framework */ = {isa = PBXFileReference; lastKnownFileType = wrapper.framework; name = UIKit.framework; path = System/Library/Frameworks/UIKit.framework; sourceTree = SDKROOT; };
		4CA309A315E6B6F100BB0E20 /* Foundation.framework */ = {isa = PBXFileReference; lastKnownFileType = wrapper.framework; name = Foundation.framework; path = System/Library/Frameworks/Foundation.framework; sourceTree = SDKROOT; };
		4CA309A515E6B6F100BB0E20 /* CoreGraphics.framework */ = {isa = PBXFileReference; lastKnownFileType = wrapper.framework; name = CoreGraphics.framework; path = System/Library/Frameworks/CoreGraphics.framework; sourceTree = SDKROOT; };
		4CA309A915E6B6F100BB0E20 /* Asteroids-Info.plist */ = {isa = PBXFileReference; lastKnownFileType = text.plist.xml; path = "Asteroids-Info.plist"; sourceTree = "<group>"; };
		4CA309AB15E6B6F100BB0E20 /* en */ = {isa = PBXFileReference; lastKnownFileType = text.plist.strings; name = en; path = en.lproj/InfoPlist.strings; sourceTree = "<group>"; };
		4CA309AD15E6B6F100BB0E20 /* main.m */ = {isa = PBXFileReference; lastKnownFileType = sourcecode.c.objc; path = main.m; sourceTree = "<group>"; };
		4CA309AF15E6B6F100BB0E20 /* Asteroids-Prefix.pch */ = {isa = PBXFileReference; lastKnownFileType = sourcecode.c.h; path = "Asteroids-Prefix.pch"; sourceTree = "<group>"; };
		4CA309B015E6B6F100BB0E20 /* AppDelegate.h */ = {isa = PBXFileReference; lastKnownFileType = sourcecode.c.h; path = AppDelegate.h; sourceTree = "<group>"; };
		4CA309B115E6B6F100BB0E20 /* AppDelegate.m */ = {isa = PBXFileReference; lastKnownFileType = sourcecode.c.objc; path = AppDelegate.m; sourceTree = "<group>"; };
		4CA309B315E6B6F100BB0E20 /* ViewController.h */ = {isa = PBXFileReference; lastKnownFileType = sourcecode.c.h; path = ViewController.h; sourceTree = "<group>"; };
		4CA309B415E6B6F100BB0E20 /* ViewController.m */ = {isa = PBXFileReference; lastKnownFileType = sourcecode.c.objc; path = ViewController.m; sourceTree = "<group>"; };
		4CA309B715E6B6F100BB0E20 /* en */ = {isa = PBXFileReference; lastKnownFileType = file.xib; name = en; path = en.lproj/ViewController.xib; sourceTree = "<group>"; };
		4CA309BE15E6B75300BB0E20 /* Asteroid.h */ = {isa = PBXFileReference; fileEncoding = 4; lastKnownFileType = sourcecode.c.h; path = Asteroid.h; sourceTree = "<group>"; };
		4CA309BF15E6B75300BB0E20 /* Asteroid.m */ = {isa = PBXFileReference; fileEncoding = 4; lastKnownFileType = sourcecode.c.objc; path = Asteroid.m; sourceTree = "<group>"; };
		4CA309C115E6B92500BB0E20 /* QuartzCore.framework */ = {isa = PBXFileReference; lastKnownFileType = wrapper.framework; name = QuartzCore.framework; path = System/Library/Frameworks/QuartzCore.framework; sourceTree = SDKROOT; };
		4CA309C315E6BE2100BB0E20 /* GameView.h */ = {isa = PBXFileReference; fileEncoding = 4; lastKnownFileType = sourcecode.c.h; path = GameView.h; sourceTree = "<group>"; };
		4CA309C415E6BE2100BB0E20 /* GameView.m */ = {isa = PBXFileReference; fileEncoding = 4; lastKnownFileType = sourcecode.c.objc; path = GameView.m; sourceTree = "<group>"; };
		4CA309CA15E7096400BB0E20 /* HealthIndicator.h */ = {isa = PBXFileReference; fileEncoding = 4; lastKnownFileType = sourcecode.c.h; path = HealthIndicator.h; sourceTree = "<group>"; };
		4CA309CB15E7096400BB0E20 /* HealthIndicator.m */ = {isa = PBXFileReference; fileEncoding = 4; lastKnownFileType = sourcecode.c.objc; path = HealthIndicator.m; sourceTree = "<group>"; };
/* End PBXFileReference section */

/* Begin PBXFrameworksBuildPhase section */
		4CA3099A15E6B6F100BB0E20 /* Frameworks */ = {
			isa = PBXFrameworksBuildPhase;
			buildActionMask = 2147483647;
			files = (
				4CA309C215E6B92500BB0E20 /* QuartzCore.framework in Frameworks */,
				4CA309A215E6B6F100BB0E20 /* UIKit.framework in Frameworks */,
				4CA309A415E6B6F100BB0E20 /* Foundation.framework in Frameworks */,
				4CA309A615E6B6F100BB0E20 /* CoreGraphics.framework in Frameworks */,
			);
			runOnlyForDeploymentPostprocessing = 0;
		};
/* End PBXFrameworksBuildPhase section */

/* Begin PBXGroup section */
		4CA3099215E6B6F100BB0E20 = {
			isa = PBXGroup;
			children = (
				4CA309A715E6B6F100BB0E20 /* Asteroids */,
				4CA309A015E6B6F100BB0E20 /* Frameworks */,
				4CA3099E15E6B6F100BB0E20 /* Products */,
			);
			sourceTree = "<group>";
		};
		4CA3099E15E6B6F100BB0E20 /* Products */ = {
			isa = PBXGroup;
			children = (
				4CA3099D15E6B6F100BB0E20 /* Asteroids.app */,
			);
			name = Products;
			sourceTree = "<group>";
		};
		4CA309A015E6B6F100BB0E20 /* Frameworks */ = {
			isa = PBXGroup;
			children = (
				4CA309C115E6B92500BB0E20 /* QuartzCore.framework */,
				4CA309A115E6B6F100BB0E20 /* UIKit.framework */,
				4CA309A315E6B6F100BB0E20 /* Foundation.framework */,
				4CA309A515E6B6F100BB0E20 /* CoreGraphics.framework */,
			);
			name = Frameworks;
			sourceTree = "<group>";
		};
		4CA309A715E6B6F100BB0E20 /* Asteroids */ = {
			isa = PBXGroup;
			children = (
				4CA309B015E6B6F100BB0E20 /* AppDelegate.h */,
				4CA309B115E6B6F100BB0E20 /* AppDelegate.m */,
				4CA309B315E6B6F100BB0E20 /* ViewController.h */,
				4CA309B415E6B6F100BB0E20 /* ViewController.m */,
				4CA309B615E6B6F100BB0E20 /* ViewController.xib */,
				4CA309C315E6BE2100BB0E20 /* GameView.h */,
				4CA309C415E6BE2100BB0E20 /* GameView.m */,
				4CA309BE15E6B75300BB0E20 /* Asteroid.h */,
				4CA309BF15E6B75300BB0E20 /* Asteroid.m */,
				4CA309CA15E7096400BB0E20 /* HealthIndicator.h */,
				4CA309CB15E7096400BB0E20 /* HealthIndicator.m */,
				4CA309A815E6B6F100BB0E20 /* Supporting Files */,
			);
			path = Asteroids;
			sourceTree = "<group>";
		};
		4CA309A815E6B6F100BB0E20 /* Supporting Files */ = {
			isa = PBXGroup;
			children = (
				4CA309A915E6B6F100BB0E20 /* Asteroids-Info.plist */,
				4CA309AA15E6B6F100BB0E20 /* InfoPlist.strings */,
				4CA309AD15E6B6F100BB0E20 /* main.m */,
				4CA309AF15E6B6F100BB0E20 /* Asteroids-Prefix.pch */,
			);
			name = "Supporting Files";
			sourceTree = "<group>";
		};
/* End PBXGroup section */

/* Begin PBXNativeTarget section */
		4CA3099C15E6B6F100BB0E20 /* Asteroids */ = {
			isa = PBXNativeTarget;
			buildConfigurationList = 4CA309BB15E6B6F100BB0E20 /* Build configuration list for PBXNativeTarget "Asteroids" */;
			buildPhases = (
				4CA3099915E6B6F100BB0E20 /* Sources */,
				4CA3099A15E6B6F100BB0E20 /* Frameworks */,
				4CA3099B15E6B6F100BB0E20 /* Resources */,
			);
			buildRules = (
			);
			dependencies = (
			);
			name = Asteroids;
			productName = Asteroids;
			productReference = 4CA3099D15E6B6F100BB0E20 /* Asteroids.app */;
			productType = "com.apple.product-type.application";
		};
/* End PBXNativeTarget section */

/* Begin PBXProject section */
		4CA3099415E6B6F100BB0E20 /* Project object */ = {
			isa = PBXProject;
			attributes = {
				LastUpgradeCheck = 0440;
				ORGANIZATIONNAME = "Michael Ng";
			};
			buildConfigurationList = 4CA3099715E6B6F100BB0E20 /* Build configuration list for PBXProject "Asteroids" */;
			compatibilityVersion = "Xcode 3.2";
			developmentRegion = English;
			hasScannedForEncodings = 0;
			knownRegions = (
				en,
			);
			mainGroup = 4CA3099215E6B6F100BB0E20;
			productRefGroup = 4CA3099E15E6B6F100BB0E20 /* Products */;
			projectDirPath = "";
			projectRoot = "";
			targets = (
				4CA3099C15E6B6F100BB0E20 /* Asteroids */,
			);
		};
/* End PBXProject section */

/* Begin PBXResourcesBuildPhase section */
		4CA3099B15E6B6F100BB0E20 /* Resources */ = {
			isa = PBXResourcesBuildPhase;
			buildActionMask = 2147483647;
			files = (
				4CA309AC15E6B6F100BB0E20 /* InfoPlist.strings in Resources */,
				4CA309B815E6B6F100BB0E20 /* ViewController.xib in Resources */,
			);
			runOnlyForDeploymentPostprocessing = 0;
		};
/* End PBXResourcesBuildPhase section */

/* Begin PBXSourcesBuildPhase section */
		4CA3099915E6B6F100BB0E20 /* Sources */ = {
			isa = PBXSourcesBuildPhase;
			buildActionMask = 2147483647;
			files = (
				4CA309AE15E6B6F100BB0E20 /* main.m in Sources */,
				4CA309B215E6B6F100BB0E20 /* AppDelegate.m in Sources */,
				4CA309B515E6B6F100BB0E20 /* ViewController.m in Sources */,
				4CA309C015E6B75300BB0E20 /* Asteroid.m in Sources */,
				4CA309C515E6BE2100BB0E20 /* GameView.m in Sources */,
				4CA309CC15E7096400BB0E20 /* HealthIndicator.m in Sources */,
			);
			runOnlyForDeploymentPostprocessing = 0;
		};
/* End PBXSourcesBuildPhase section */

/* Begin PBXVariantGroup section */
		4CA309AA15E6B6F100BB0E20 /* InfoPlist.strings */ = {
			isa = PBXVariantGroup;
			children = (
				4CA309AB15E6B6F100BB0E20 /* en */,
			);
			name = InfoPlist.strings;
			sourceTree = "<group>";
		};
		4CA309B615E6B6F100BB0E20 /* ViewController.xib */ = {
			isa = PBXVariantGroup;
			children = (
				4CA309B715E6B6F100BB0E20 /* en */,
			);
			name = ViewController.xib;
			sourceTree = "<group>";
		};
/* End PBXVariantGroup section */

/* Begin XCBuildConfiguration section */
		4CA309B915E6B6F100BB0E20 /* Debug */ = {
			isa = XCBuildConfiguration;
			buildSettings = {
				ALWAYS_SEARCH_USER_PATHS = NO;
				ARCHS = "$(ARCHS_STANDARD_32_BIT)";
				CLANG_CXX_LANGUAGE_STANDARD = "gnu++0x";
				CLANG_ENABLE_OBJC_ARC = YES;
				CLANG_WARN__DUPLICATE_METHOD_MATCH = YES;
				"CODE_SIGN_IDENTITY[sdk=iphoneos*]" = "iPhone Developer";
				COPY_PHASE_STRIP = NO;
				GCC_C_LANGUAGE_STANDARD = gnu99;
				GCC_DYNAMIC_NO_PIC = NO;
				GCC_OPTIMIZATION_LEVEL = 0;
				GCC_PREPROCESSOR_DEFINITIONS = (
					"DEBUG=1",
					"$(inherited)",
				);
				GCC_SYMBOLS_PRIVATE_EXTERN = NO;
				GCC_VERSION = com.apple.compilers.llvm.clang.1_0;
				GCC_WARN_ABOUT_RETURN_TYPE = YES;
				GCC_WARN_UNINITIALIZED_AUTOS = YES;
				GCC_WARN_UNUSED_VARIABLE = YES;
				IPHONEOS_DEPLOYMENT_TARGET = 5.1;
				SDKROOT = iphoneos;
			};
			name = Debug;
		};
		4CA309BA15E6B6F100BB0E20 /* Release */ = {
			isa = XCBuildConfiguration;
			buildSettings = {
				ALWAYS_SEARCH_USER_PATHS = NO;
				ARCHS = "$(ARCHS_STANDARD_32_BIT)";
				CLANG_CXX_LANGUAGE_STANDARD = "gnu++0x";
				CLANG_ENABLE_OBJC_ARC = YES;
				CLANG_WARN__DUPLICATE_METHOD_MATCH = YES;
				"CODE_SIGN_IDENTITY[sdk=iphoneos*]" = "iPhone Developer";
				COPY_PHASE_STRIP = YES;
				GCC_C_LANGUAGE_STANDARD = gnu99;
				GCC_VERSION = com.apple.compilers.llvm.clang.1_0;
				GCC_WARN_ABOUT_RETURN_TYPE = YES;
				GCC_WARN_UNINITIALIZED_AUTOS = YES;
				GCC_WARN_UNUSED_VARIABLE = YES;
				IPHONEOS_DEPLOYMENT_TARGET = 5.1;
				OTHER_CFLAGS = "-DNS_BLOCK_ASSERTIONS=1";
				SDKROOT = iphoneos;
				VALIDATE_PRODUCT = YES;
			};
			name = Release;
		};
		4CA309BC15E6B6F100BB0E20 /* Debug */ = {
			isa = XCBuildConfiguration;
			buildSettings = {
				GCC_PRECOMPILE_PREFIX_HEADER = YES;
				GCC_PREFIX_HEADER = "Asteroids/Asteroids-Prefix.pch";
				INFOPLIST_FILE = "Asteroids/Asteroids-Info.plist";
				PRODUCT_NAME = "$(TARGET_NAME)";
				WRAPPER_EXTENSION = app;
			};
			name = Debug;
		};
		4CA309BD15E6B6F100BB0E20 /* Release */ = {
			isa = XCBuildConfiguration;
			buildSettings = {
				GCC_PRECOMPILE_PREFIX_HEADER = YES;
				GCC_PREFIX_HEADER = "Asteroids/Asteroids-Prefix.pch";
				INFOPLIST_FILE = "Asteroids/Asteroids-Info.plist";
				PRODUCT_NAME = "$(TARGET_NAME)";
				WRAPPER_EXTENSION = app;
			};
			name = Release;
		};
/* End XCBuildConfiguration section */

/* Begin XCConfigurationList section */
		4CA3099715E6B6F100BB0E20 /* Build configuration list for PBXProject "Asteroids" */ = {
			isa = XCConfigurationList;
			buildConfigurations = (
				4CA309B915E6B6F100BB0E20 /* Debug */,
				4CA309BA15E6B6F100BB0E20 /* Release */,
			);
			defaultConfigurationIsVisible = 0;
			defaultConfigurationName = Release;
		};
		4CA309BB15E6B6F100BB0E20 /* Build configuration list for PBXNativeTarget "Asteroids" */ = {
			isa = XCConfigurationList;
			buildConfigurations = (
				4CA309BC15E6B6F100BB0E20 /* Debug */,
				4CA309BD15E6B6F100BB0E20 /* Release */,
			);
			defaultConfigurationIsVisible = 0;
		};
/* End XCConfigurationList section */
	};
	rootObject = 4CA3099415E6B6F100BB0E20 /* Project object */;
}
